
Microsoft Visual Studio Solution File, Format Version 12.00
# Visual Studio 2012
Project("{8BC9CEB8-8B4A-11D0-8D11-00A0C91BC942}") = "DuiLib", "DuiLib\DuiLib.vcxproj", "{E106ACD7-4E53-4AEE-942B-D0DD426DB34E}"
EndProject
Project("{8BC9CEB8-8B4A-11D0-8D11-00A0C91BC942}") = "DuiDesigner", "DuiDesigner\DuiDesigner.vcxproj", "{8CC28A8B-CD88-44A7-8994-066CCD8938CB}"
EndProject
Project("{8BC9CEB8-8B4A-11D0-8D11-00A0C91BC942}") = "UIFrame", "Demo\UIFrame\UIFrame.vcxproj", "{9B997927-E7B7-4CA9-99C2-5B8AD0CD00D0}"
EndProject
Project("{8BC9CEB8-8B4A-11D0-8D11-00A0C91BC942}") = "TestLayeredWnd", "Demo\TestLayeredWnd\TestLayeredWnd.vcxproj", "{0CBE628B-444C-462C-BEC4-71568A4DDDBF}"
EndProject
Project("{8BC9CEB8-8B4A-11D0-8D11-00A0C91BC942}") = "UIZIPExample", "Demo\UIZIPExample\UIZIPExample.vcxproj", "{22FFC0E5-01BF-4E49-AEE4-B87A2FAD4465}"
EndProject
Project("{8BC9CEB8-8B4A-11D0-8D11-00A0C91BC942}") = "360Safe", "Demo\360SafeDemo\360SafeDemo.vcxproj", "{463FE628-A176-4C58-B005-3924BFD1E4E6}"
EndProject
Project("{8BC9CEB8-8B4A-11D0-8D11-00A0C91BC942}") = "FlashDemo", "Demo\FlashDemo\FlashDemo.vcxproj", "{41B017E7-7805-40D5-9D96-AABF572F5700}"
EndProject
Project("{8BC9CEB8-8B4A-11D0-8D11-00A0C91BC942}") = "GameDemo", "Demo\GameDemo\GameDemo.vcxproj", "{21B017E7-7805-40D5-9D96-AABF572F57D1}"
EndProject
Project("{8BC9CEB8-8B4A-11D0-8D11-00A0C91BC942}") = "ListDemo", "Demo\ListDemo\ListDemo.vcxproj", "{223017E7-7805-40D5-9D96-AABF572F57D1}"
EndProject
Project("{8BC9CEB8-8B4A-11D0-8D11-00A0C91BC942}") = "RichList", "Demo\RichList\RichList.vcxproj", "{433DC2DD-9069-4F00-A2B5-A343D7889060}"
EndProject
Project("{8BC9CEB8-8B4A-11D0-8D11-00A0C91BC942}") = "MenuDemo", "Demo\MenuDemo\MenuDemo.vcxproj", "{11A20D10-E0D7-447F-A546-8E4662C115C5}"
EndProject
Project("{8BC9CEB8-8B4A-11D0-8D11-00A0C91BC942}") = "QQDemo", "Demo\QQDemo\QQDemo.vcxproj", "{1A615888-A068-4644-8BD3-CAD6267E7AFB}"
EndProject
Global
	GlobalSection(SolutionConfigurationPlatforms) = preSolution
		Debug|Win32 = Debug|Win32
		Release|Win32 = Release|Win32
		UnicodeDebug|Win32 = UnicodeDebug|Win32
		UnicodeRelease|Win32 = UnicodeRelease|Win32
	EndGlobalSection
	GlobalSection(ProjectConfigurationPlatforms) = postSolution
		{E106ACD7-4E53-4AEE-942B-D0DD426DB34E}.Debug|Win32.ActiveCfg = Debug|Win32
		{E106ACD7-4E53-4AEE-942B-D0DD426DB34E}.Release|Win32.ActiveCfg = Release|Win32
		{E106ACD7-4E53-4AEE-942B-D0DD426DB34E}.Release|Win32.Build.0 = Release|Win32
		{E106ACD7-4E53-4AEE-942B-D0DD426DB34E}.UnicodeDebug|Win32.ActiveCfg = UnicodeDebug|Win32
		{E106ACD7-4E53-4AEE-942B-D0DD426DB34E}.UnicodeDebug|Win32.Build.0 = UnicodeDebug|Win32
		{E106ACD7-4E53-4AEE-942B-D0DD426DB34E}.UnicodeRelease|Win32.ActiveCfg = UnicodeRelease|Win32
		{E106ACD7-4E53-4AEE-942B-D0DD426DB34E}.UnicodeRelease|Win32.Build.0 = UnicodeRelease|Win32
		{8CC28A8B-CD88-44A7-8994-066CCD8938CB}.Debug|Win32.ActiveCfg = UnicodeDebug|Win32
		{8CC28A8B-CD88-44A7-8994-066CCD8938CB}.Debug|Win32.Build.0 = UnicodeDebug|Win32
		{8CC28A8B-CD88-44A7-8994-066CCD8938CB}.Release|Win32.ActiveCfg = UnicodeRelease|Win32
		{8CC28A8B-CD88-44A7-8994-066CCD8938CB}.Release|Win32.Build.0 = UnicodeRelease|Win32
		{8CC28A8B-CD88-44A7-8994-066CCD8938CB}.UnicodeDebug|Win32.ActiveCfg = UnicodeDebug|Win32
		{8CC28A8B-CD88-44A7-8994-066CCD8938CB}.UnicodeDebug|Win32.Build.0 = UnicodeDebug|Win32
		{8CC28A8B-CD88-44A7-8994-066CCD8938CB}.UnicodeRelease|Win32.ActiveCfg = UnicodeRelease|Win32
		{8CC28A8B-CD88-44A7-8994-066CCD8938CB}.UnicodeRelease|Win32.Build.0 = UnicodeRelease|Win32
		{9B997927-E7B7-4CA9-99C2-5B8AD0CD00D0}.Debug|Win32.ActiveCfg = Debug|Win32
		{9B997927-E7B7-4CA9-99C2-5B8AD0CD00D0}.Debug|Win32.Build.0 = Debug|Win32
		{9B997927-E7B7-4CA9-99C2-5B8AD0CD00D0}.Release|Win32.ActiveCfg = Release|Win32
		{9B997927-E7B7-4CA9-99C2-5B8AD0CD00D0}.Release|Win32.Build.0 = Release|Win32
		{9B997927-E7B7-4CA9-99C2-5B8AD0CD00D0}.UnicodeDebug|Win32.ActiveCfg = Debug|Win32
		{9B997927-E7B7-4CA9-99C2-5B8AD0CD00D0}.UnicodeDebug|Win32.Build.0 = Debug|Win32
		{9B997927-E7B7-4CA9-99C2-5B8AD0CD00D0}.UnicodeRelease|Win32.ActiveCfg = Release|Win32
		{9B997927-E7B7-4CA9-99C2-5B8AD0CD00D0}.UnicodeRelease|Win32.Build.0 = Release|Win32
		{0CBE628B-444C-462C-BEC4-71568A4DDDBF}.Debug|Win32.ActiveCfg = Debug|Win32
		{0CBE628B-444C-462C-BEC4-71568A4DDDBF}.Debug|Win32.Build.0 = Debug|Win32
		{0CBE628B-444C-462C-BEC4-71568A4DDDBF}.Release|Win32.ActiveCfg = Release|Win32
		{0CBE628B-444C-462C-BEC4-71568A4DDDBF}.Release|Win32.Build.0 = Release|Win32
		{0CBE628B-444C-462C-BEC4-71568A4DDDBF}.UnicodeDebug|Win32.ActiveCfg = Debug|Win32
		{0CBE628B-444C-462C-BEC4-71568A4DDDBF}.UnicodeDebug|Win32.Build.0 = Debug|Win32
		{0CBE628B-444C-462C-BEC4-71568A4DDDBF}.UnicodeRelease|Win32.ActiveCfg = Release|Win32
		{0CBE628B-444C-462C-BEC4-71568A4DDDBF}.UnicodeRelease|Win32.Build.0 = Release|Win32
		{22FFC0E5-01BF-4E49-AEE4-B87A2FAD4465}.Debug|Win32.ActiveCfg = Debug|Win32
		{22FFC0E5-01BF-4E49-AEE4-B87A2FAD4465}.Debug|Win32.Build.0 = Debug|Win32
		{22FFC0E5-01BF-4E49-AEE4-B87A2FAD4465}.Release|Win32.ActiveCfg = Release|Win32
		{22FFC0E5-01BF-4E49-AEE4-B87A2FAD4465}.Release|Win32.Build.0 = Release|Win32
		{22FFC0E5-01BF-4E49-AEE4-B87A2FAD4465}.UnicodeDebug|Win32.ActiveCfg = Debug|Win32
		{22FFC0E5-01BF-4E49-AEE4-B87A2FAD4465}.UnicodeDebug|Win32.Build.0 = Debug|Win32
		{22FFC0E5-01BF-4E49-AEE4-B87A2FAD4465}.UnicodeRelease|Win32.ActiveCfg = Release|Win32
		{22FFC0E5-01BF-4E49-AEE4-B87A2FAD4465}.UnicodeRelease|Win32.Build.0 = Release|Win32
		{463FE628-A176-4C58-B005-3924BFD1E4E6}.Debug|Win32.ActiveCfg = Debug|Win32
		{463FE628-A176-4C58-B005-3924BFD1E4E6}.Debug|Win32.Build.0 = Debug|Win32
		{463FE628-A176-4C58-B005-3924BFD1E4E6}.Release|Win32.ActiveCfg = Release|Win32
		{463FE628-A176-4C58-B005-3924BFD1E4E6}.Release|Win32.Build.0 = Release|Win32
		{463FE628-A176-4C58-B005-3924BFD1E4E6}.UnicodeDebug|Win32.ActiveCfg = UnicodeDebug|Win32
		{463FE628-A176-4C58-B005-3924BFD1E4E6}.UnicodeDebug|Win32.Build.0 = UnicodeDebug|Win32
		{463FE628-A176-4C58-B005-3924BFD1E4E6}.UnicodeRelease|Win32.ActiveCfg = UnicodeRelease|Win32
		{463FE628-A176-4C58-B005-3924BFD1E4E6}.UnicodeRelease|Win32.Build.0 = UnicodeRelease|Win32
		{41B017E7-7805-40D5-9D96-AABF572F5700}.Debug|Win32.ActiveCfg = Debug|Win32
		{41B017E7-7805-40D5-9D96-AABF572F5700}.Debug|Win32.Build.0 = Debug|Win32
		{41B017E7-7805-40D5-9D96-AABF572F5700}.Release|Win32.ActiveCfg = Release|Win32
		{41B017E7-7805-40D5-9D96-AABF572F5700}.Release|Win32.Build.0 = Release|Win32
		{41B017E7-7805-40D5-9D96-AABF572F5700}.UnicodeDebug|Win32.ActiveCfg = UnicodeDebug|Win32
		{41B017E7-7805-40D5-9D96-AABF572F5700}.UnicodeDebug|Win32.Build.0 = UnicodeDebug|Win32
		{41B017E7-7805-40D5-9D96-AABF572F5700}.UnicodeRelease|Win32.ActiveCfg = UnicodeRelease|Win32
		{41B017E7-7805-40D5-9D96-AABF572F5700}.UnicodeRelease|Win32.Build.0 = UnicodeRelease|Win32
		{21B017E7-7805-40D5-9D96-AABF572F57D1}.Debug|Win32.ActiveCfg = Debug|Win32
		{21B017E7-7805-40D5-9D96-AABF572F57D1}.Debug|Win32.Build.0 = Debug|Win32
		{21B017E7-7805-40D5-9D96-AABF572F57D1}.Release|Win32.ActiveCfg = Release|Win32
		{21B017E7-7805-40D5-9D96-AABF572F57D1}.Release|Win32.Build.0 = Release|Win32
		{21B017E7-7805-40D5-9D96-AABF572F57D1}.UnicodeDebug|Win32.ActiveCfg = UnicodeDebug|Win32
		{21B017E7-7805-40D5-9D96-AABF572F57D1}.UnicodeDebug|Win32.Build.0 = UnicodeDebug|Win32
		{21B017E7-7805-40D5-9D96-AABF572F57D1}.UnicodeRelease|Win32.ActiveCfg = UnicodeRelease|Win32
		{21B017E7-7805-40D5-9D96-AABF572F57D1}.UnicodeRelease|Win32.Build.0 = UnicodeRelease|Win32
		{223017E7-7805-40D5-9D96-AABF572F57D1}.Debug|Win32.ActiveCfg = Debug|Win32
		{223017E7-7805-40D5-9D96-AABF572F57D1}.Debug|Win32.Build.0 = Debug|Win32
		{223017E7-7805-40D5-9D96-AABF572F57D1}.Release|Win32.ActiveCfg = Release|Win32
		{223017E7-7805-40D5-9D96-AABF572F57D1}.Release|Win32.Build.0 = Release|Win32
		{223017E7-7805-40D5-9D96-AABF572F57D1}.UnicodeDebug|Win32.ActiveCfg = UnicodeDebug|Win32
		{223017E7-7805-40D5-9D96-AABF572F57D1}.UnicodeDebug|Win32.Build.0 = UnicodeDebug|Win32
		{223017E7-7805-40D5-9D96-AABF572F57D1}.UnicodeRelease|Win32.ActiveCfg = UnicodeRelease|Win32
		{223017E7-7805-40D5-9D96-AABF572F57D1}.UnicodeRelease|Win32.Build.0 = UnicodeRelease|Win32
		{433DC2DD-9069-4F00-A2B5-A343D7889060}.Debug|Win32.ActiveCfg = Debug|Win32
		{433DC2DD-9069-4F00-A2B5-A343D7889060}.Debug|Win32.Build.0 = Debug|Win32
		{433DC2DD-9069-4F00-A2B5-A343D7889060}.Release|Win32.ActiveCfg = Release|Win32
		{433DC2DD-9069-4F00-A2B5-A343D7889060}.Release|Win32.Build.0 = Release|Win32
		{433DC2DD-9069-4F00-A2B5-A343D7889060}.UnicodeDebug|Win32.ActiveCfg = Debug|Win32
		{433DC2DD-9069-4F00-A2B5-A343D7889060}.UnicodeDebug|Win32.Build.0 = Debug|Win32
		{433DC2DD-9069-4F00-A2B5-A343D7889060}.UnicodeRelease|Win32.ActiveCfg = Release|Win32
		{433DC2DD-9069-4F00-A2B5-A343D7889060}.UnicodeRelease|Win32.Build.0 = Release|Win32
		{11A20D10-E0D7-447F-A546-8E4662C115C5}.Debug|Win32.ActiveCfg = Debug|Win32
		{11A20D10-E0D7-447F-A546-8E4662C115C5}.Debug|Win32.Build.0 = Debug|Win32
		{11A20D10-E0D7-447F-A546-8E4662C115C5}.Release|Win32.ActiveCfg = Release|Win32
		{11A20D10-E0D7-447F-A546-8E4662C115C5}.Release|Win32.Build.0 = Release|Win32
		{11A20D10-E0D7-447F-A546-8E4662C115C5}.UnicodeDebug|Win32.ActiveCfg = UnicodeDebug|Win32
		{11A20D10-E0D7-447F-A546-8E4662C115C5}.UnicodeDebug|Win32.Build.0 = UnicodeDebug|Win32
		{11A20D10-E0D7-447F-A546-8E4662C115C5}.UnicodeRelease|Win32.ActiveCfg = UnicodeRelease|Win32
		{11A20D10-E0D7-447F-A546-8E4662C115C5}.UnicodeRelease|Win32.Build.0 = UnicodeRelease|Win32
		{1A615888-A068-4644-8BD3-CAD6267E7AFB}.Debug|Win32.ActiveCfg = Debug|Win32
		{1A615888-A068-4644-8BD3-CAD6267E7AFB}.Debug|Win32.Build.0 = Debug|Win32
		{1A615888-A068-4644-8BD3-CAD6267E7AFB}.Release|Win32.ActiveCfg = Release|Win32
		{1A615888-A068-4644-8BD3-CAD6267E7AFB}.Release|Win32.Build.0 = Release|Win32
		{1A615888-A068-4644-8BD3-CAD6267E7AFB}.UnicodeDebug|Win32.ActiveCfg = Debug|Win32
		{1A615888-A068-4644-8BD3-CAD6267E7AFB}.UnicodeDebug|Win32.Build.0 = Debug|Win32
		{1A615888-A068-4644-8BD3-CAD6267E7AFB}.UnicodeRelease|Win32.ActiveCfg = Release|Win32
		{1A615888-A068-4644-8BD3-CAD6267E7AFB}.UnicodeRelease|Win32.Build.0 = Release|Win32
	EndGlobalSection
	GlobalSection(SolutionProperties) = preSolution
		HideSolutionNode = FALSE
	EndGlobalSection
EndGlobal
