<?xml version="1.0" encoding="utf-8"?>
<Project ToolsVersion="4.0" xmlns="http://schemas.microsoft.com/developer/msbuild/2003">
  <ItemGroup>
    <Filter Include="源文件">
      <UniqueIdentifier>{4FC737F1-C7A5-4376-A066-2A32D752A2FF}</UniqueIdentifier>
      <Extensions>cpp;c;cc;cxx;def;odl;idl;hpj;bat;asm;asmx</Extensions>
    </Filter>
    <Filter Include="头文件">
      <UniqueIdentifier>{93995380-89BD-4b04-88EB-625FBE52EBFB}</UniqueIdentifier>
      <Extensions>h;hpp;hxx;hm;inl;inc;xsd</Extensions>
    </Filter>
    <Filter Include="资源文件">
      <UniqueIdentifier>{67DA6AB6-F800-4c08-8B7A-83BB121AAD01}</UniqueIdentifier>
      <Extensions>rc;ico;cur;bmp;dlg;rc2;rct;bin;rgs;gif;jpg;jpeg;jpe;resx;tiff;tif;png;wav</Extensions>
    </Filter>
    <Filter Include="tinyxml">
      <UniqueIdentifier>{ee180e30-8ffc-4b2b-9601-b0749496e35d}</UniqueIdentifier>
    </Filter>
  </ItemGroup>
  <ItemGroup>
    <ClCompile Include="ChildFrm.cpp">
      <Filter>源文件</Filter>
    </ClCompile>
    <ClCompile Include="ClassView.cpp">
      <Filter>源文件</Filter>
    </ClCompile>
    <ClCompile Include="DialogCheckUpdate.cpp">
      <Filter>源文件</Filter>
    </ClCompile>
    <ClCompile Include="DialogCustomFonts.cpp">
      <Filter>源文件</Filter>
    </ClCompile>
    <ClCompile Include="DialogDefaultAttribList.cpp">
      <Filter>源文件</Filter>
    </ClCompile>
    <ClCompile Include="DialogProjectNew.cpp">
      <Filter>源文件</Filter>
    </ClCompile>
    <ClCompile Include="DialogSaveAsName.cpp">
      <Filter>源文件</Filter>
    </ClCompile>
    <ClCompile Include="DialogSkinFileNew.cpp">
      <Filter>源文件</Filter>
    </ClCompile>
    <ClCompile Include="DialogTemplateOpen.cpp">
      <Filter>源文件</Filter>
    </ClCompile>
    <ClCompile Include="DialogUIAttribEdit.cpp">
      <Filter>源文件</Filter>
    </ClCompile>
    <ClCompile Include="DuiDesigner.cpp">
      <Filter>源文件</Filter>
    </ClCompile>
    <ClCompile Include="FileView.cpp">
      <Filter>源文件</Filter>
    </ClCompile>
    <ClCompile Include="GlobalVariable.cpp">
      <Filter>源文件</Filter>
    </ClCompile>
    <ClCompile Include="HookAPI.cpp">
      <Filter>源文件</Filter>
    </ClCompile>
    <ClCompile Include="ImageDialog.cpp">
      <Filter>源文件</Filter>
    </ClCompile>
    <ClCompile Include="ImagePreview.cpp">
      <Filter>源文件</Filter>
    </ClCompile>
    <ClCompile Include="LayoutManager.cpp">
      <Filter>源文件</Filter>
    </ClCompile>
    <ClCompile Include="MainFrm.cpp">
      <Filter>源文件</Filter>
    </ClCompile>
    <ClCompile Include="MultiUITracker.cpp">
      <Filter>源文件</Filter>
    </ClCompile>
    <ClCompile Include="PropertiesWnd.cpp">
      <Filter>源文件</Filter>
    </ClCompile>
    <ClCompile Include="PropertyTabLayoutUI.cpp">
      <Filter>源文件</Filter>
    </ClCompile>
    <ClCompile Include="ResourceView.cpp">
      <Filter>源文件</Filter>
    </ClCompile>
    <ClCompile Include="stdafx.cpp">
      <Filter>源文件</Filter>
    </ClCompile>
    <ClCompile Include="ToolBoxCtrl.cpp">
      <Filter>源文件</Filter>
    </ClCompile>
    <ClCompile Include="ToolBoxWnd.cpp">
      <Filter>源文件</Filter>
    </ClCompile>
    <ClCompile Include="UICommandHistory.cpp">
      <Filter>源文件</Filter>
    </ClCompile>
    <ClCompile Include="UIDesignerDoc.cpp">
      <Filter>源文件</Filter>
    </ClCompile>
    <ClCompile Include="UIDesignerView.cpp">
      <Filter>源文件</Filter>
    </ClCompile>
    <ClCompile Include="UIImagePreview.cpp">
      <Filter>源文件</Filter>
    </ClCompile>
    <ClCompile Include="UIProperties.cpp">
      <Filter>源文件</Filter>
    </ClCompile>
    <ClCompile Include="UIUtil.cpp">
      <Filter>源文件</Filter>
    </ClCompile>
    <ClCompile Include="ViewTree.cpp">
      <Filter>源文件</Filter>
    </ClCompile>
    <ClCompile Include="third_party\tinyxml\tinystr.cpp">
      <Filter>tinyxml</Filter>
    </ClCompile>
    <ClCompile Include="third_party\tinyxml\tinyxml.cpp">
      <Filter>tinyxml</Filter>
    </ClCompile>
    <ClCompile Include="third_party\tinyxml\tinyxmlerror.cpp">
      <Filter>tinyxml</Filter>
    </ClCompile>
    <ClCompile Include="third_party\tinyxml\tinyxmlparser.cpp">
      <Filter>tinyxml</Filter>
    </ClCompile>
  </ItemGroup>
  <ItemGroup>
    <ClInclude Include="ChildFrm.h">
      <Filter>头文件</Filter>
    </ClInclude>
    <ClInclude Include="ClassView.h">
      <Filter>头文件</Filter>
    </ClInclude>
    <ClInclude Include="DialogCheckUpdate.h">
      <Filter>头文件</Filter>
    </ClInclude>
    <ClInclude Include="DialogCustomFonts.h">
      <Filter>头文件</Filter>
    </ClInclude>
    <ClInclude Include="DialogDefaultAttribList.h">
      <Filter>头文件</Filter>
    </ClInclude>
    <ClInclude Include="DialogProjectNew.h">
      <Filter>头文件</Filter>
    </ClInclude>
    <ClInclude Include="DialogSaveAsName.h">
      <Filter>头文件</Filter>
    </ClInclude>
    <ClInclude Include="DialogSkinFileNew.h">
      <Filter>头文件</Filter>
    </ClInclude>
    <ClInclude Include="DialogTemplateOpen.h">
      <Filter>头文件</Filter>
    </ClInclude>
    <ClInclude Include="DialogUIAttribEdit.h">
      <Filter>头文件</Filter>
    </ClInclude>
    <ClInclude Include="DuiDesigner.h">
      <Filter>头文件</Filter>
    </ClInclude>
    <ClInclude Include="FileView.h">
      <Filter>头文件</Filter>
    </ClInclude>
    <ClInclude Include="GlobalVariable.h">
      <Filter>头文件</Filter>
    </ClInclude>
    <ClInclude Include="HookAPI.h">
      <Filter>头文件</Filter>
    </ClInclude>
    <ClInclude Include="ImageDialog.h">
      <Filter>头文件</Filter>
    </ClInclude>
    <ClInclude Include="ImagePreview.h">
      <Filter>头文件</Filter>
    </ClInclude>
    <ClInclude Include="LayoutManager.h">
      <Filter>头文件</Filter>
    </ClInclude>
    <ClInclude Include="MainFrm.h">
      <Filter>头文件</Filter>
    </ClInclude>
    <ClInclude Include="MultiUITracker.h">
      <Filter>头文件</Filter>
    </ClInclude>
    <ClInclude Include="PropertiesWnd.h">
      <Filter>头文件</Filter>
    </ClInclude>
    <ClInclude Include="PropertyTabLayoutUI.h">
      <Filter>头文件</Filter>
    </ClInclude>
    <ClInclude Include="Resource.h">
      <Filter>头文件</Filter>
    </ClInclude>
    <ClInclude Include="ResourceView.h">
      <Filter>头文件</Filter>
    </ClInclude>
    <ClInclude Include="stdafx.h">
      <Filter>头文件</Filter>
    </ClInclude>
    <ClInclude Include="targetver.h">
      <Filter>头文件</Filter>
    </ClInclude>
    <ClInclude Include="ToolBoxCtrl.h">
      <Filter>头文件</Filter>
    </ClInclude>
    <ClInclude Include="ToolBoxWnd.h">
      <Filter>头文件</Filter>
    </ClInclude>
    <ClInclude Include="UICommandHistory.h">
      <Filter>头文件</Filter>
    </ClInclude>
    <ClInclude Include="UIDesignerDoc.h">
      <Filter>头文件</Filter>
    </ClInclude>
    <ClInclude Include="UIDesignerView.h">
      <Filter>头文件</Filter>
    </ClInclude>
    <ClInclude Include="UIImagePreview.h">
      <Filter>头文件</Filter>
    </ClInclude>
    <ClInclude Include="UIProperties.h">
      <Filter>头文件</Filter>
    </ClInclude>
    <ClInclude Include="UIUtil.h">
      <Filter>头文件</Filter>
    </ClInclude>
    <ClInclude Include="ViewTree.h">
      <Filter>头文件</Filter>
    </ClInclude>
    <ClInclude Include="third_party\tinyxml\tinystr.h">
      <Filter>tinyxml</Filter>
    </ClInclude>
    <ClInclude Include="third_party\tinyxml\tinyxml.h">
      <Filter>tinyxml</Filter>
    </ClInclude>
  </ItemGroup>
  <ItemGroup>
    <Image Include="res\ToolBox\Active.ico">
      <Filter>资源文件</Filter>
    </Image>
    <Image Include="res\banner.bmp">
      <Filter>资源文件</Filter>
    </Image>
    <Image Include="res\bitmap1.bmp">
      <Filter>资源文件</Filter>
    </Image>
    <Image Include="res\ToolBox\Button.ico">
      <Filter>资源文件</Filter>
    </Image>
    <Image Include="res\ToolBox\CheckBox.ico">
      <Filter>资源文件</Filter>
    </Image>
    <Image Include="res\class_view.ico">
      <Filter>资源文件</Filter>
    </Image>
    <Image Include="res\class_view_hc.ico">
      <Filter>资源文件</Filter>
    </Image>
    <Image Include="res\classview.bmp">
      <Filter>资源文件</Filter>
    </Image>
    <Image Include="res\classview_hc.bmp">
      <Filter>资源文件</Filter>
    </Image>
    <Image Include="res\ToolBox\Combo.ico">
      <Filter>资源文件</Filter>
    </Image>
    <Image Include="res\ToolBox\ComboBox.ico">
      <Filter>资源文件</Filter>
    </Image>
    <Image Include="res\ToolBox\Container.ico">
      <Filter>资源文件</Filter>
    </Image>
    <Image Include="res\ToolBox\Control.ico">
      <Filter>资源文件</Filter>
    </Image>
    <Image Include="res\ToolBox\DialogLayout.ico">
      <Filter>资源文件</Filter>
    </Image>
    <Image Include="res\DuiDesigner.ico">
      <Filter>资源文件</Filter>
    </Image>
    <Image Include="res\DuiDesignerDoc.ico">
      <Filter>资源文件</Filter>
    </Image>
    <Image Include="res\ToolBox\Edit.ico">
      <Filter>资源文件</Filter>
    </Image>
    <Image Include="res\explorer.bmp">
      <Filter>资源文件</Filter>
    </Image>
    <Image Include="res\explorer_hc.bmp">
      <Filter>资源文件</Filter>
    </Image>
    <Image Include="res\file_view.ico">
      <Filter>资源文件</Filter>
    </Image>
    <Image Include="res\file_view_hc.ico">
      <Filter>资源文件</Filter>
    </Image>
    <Image Include="res\fileview.bmp">
      <Filter>资源文件</Filter>
    </Image>
    <Image Include="res\fileview_hc.bmp">
      <Filter>资源文件</Filter>
    </Image>
    <Image Include="res\formedit.bmp">
      <Filter>资源文件</Filter>
    </Image>
    <Image Include="res\formedit_hc.bmp">
      <Filter>资源文件</Filter>
    </Image>
    <Image Include="res\ToolBox\HorizontalLayout.ico">
      <Filter>资源文件</Filter>
    </Image>
    <Image Include="res\icon1.ico">
      <Filter>资源文件</Filter>
    </Image>
    <Image Include="res\ToolBox\Label.ico">
      <Filter>资源文件</Filter>
    </Image>
    <Image Include="res\menuimages.bmp">
      <Filter>资源文件</Filter>
    </Image>
    <Image Include="res\menuimages_hc.bmp">
      <Filter>资源文件</Filter>
    </Image>
    <Image Include="res\movehandle.bmp">
      <Filter>资源文件</Filter>
    </Image>
    <Image Include="res\ToolBox\Option.ico">
      <Filter>资源文件</Filter>
    </Image>
    <Image Include="res\ToolBox\Pointer.ico">
      <Filter>资源文件</Filter>
    </Image>
    <Image Include="res\ToolBox\Progress.ico">
      <Filter>资源文件</Filter>
    </Image>
    <Image Include="res\project_explorer_hc.bmp">
      <Filter>资源文件</Filter>
    </Image>
    <Image Include="res\properties.bmp">
      <Filter>资源文件</Filter>
    </Image>
    <Image Include="res\properties_hc.bmp">
      <Filter>资源文件</Filter>
    </Image>
    <Image Include="res\properties_wnd.ico">
      <Filter>资源文件</Filter>
    </Image>
    <Image Include="res\properties_wnd_hc.ico">
      <Filter>资源文件</Filter>
    </Image>
    <Image Include="res\res_view.ico">
      <Filter>资源文件</Filter>
    </Image>
    <Image Include="res\res_view_hc.ico">
      <Filter>资源文件</Filter>
    </Image>
    <Image Include="res\resource.bmp">
      <Filter>资源文件</Filter>
    </Image>
    <Image Include="res\resource24.bmp">
      <Filter>资源文件</Filter>
    </Image>
    <Image Include="res\ToolBox\ScrollBar.ico">
      <Filter>资源文件</Filter>
    </Image>
    <Image Include="res\ToolBox\Slider.ico">
      <Filter>资源文件</Filter>
    </Image>
    <Image Include="res\sort.bmp">
      <Filter>资源文件</Filter>
    </Image>
    <Image Include="res\sort_hc.bmp">
      <Filter>资源文件</Filter>
    </Image>
    <Image Include="res\ToolBox\TabLayout.ico">
      <Filter>资源文件</Filter>
    </Image>
    <Image Include="res\ToolBox\TabTabLayout.ico">
      <Filter>资源文件</Filter>
    </Image>
    <Image Include="res\ToolBox\Text.ico">
      <Filter>资源文件</Filter>
    </Image>
    <Image Include="res\ToolBox\TileLayout.ico">
      <Filter>资源文件</Filter>
    </Image>
    <Image Include="res\Toolbar.bmp">
      <Filter>资源文件</Filter>
    </Image>
    <Image Include="res\toolbar1.bmp">
      <Filter>资源文件</Filter>
    </Image>
    <Image Include="res\Toolbar256.bmp">
      <Filter>资源文件</Filter>
    </Image>
    <Image Include="res\Toolbar_hc.bmp">
      <Filter>资源文件</Filter>
    </Image>
    <Image Include="res\toolbox_wnd_hc.ico">
      <Filter>资源文件</Filter>
    </Image>
    <Image Include="res\UIDesigner.ico">
      <Filter>资源文件</Filter>
    </Image>
    <Image Include="res\UIDesignerDoc.ico">
      <Filter>资源文件</Filter>
    </Image>
    <Image Include="res\uimenu.bmp">
      <Filter>资源文件</Filter>
    </Image>
    <Image Include="UserImages.bmp">
      <Filter>资源文件</Filter>
    </Image>
    <Image Include="res\ToolBox\VerticalLayout.ico">
      <Filter>资源文件</Filter>
    </Image>
    <Image Include="res\ToolBox\ColorPalette.ico">
      <Filter>资源文件</Filter>
    </Image>
    <Image Include="res\ToolBox\RichEdit.ico">
      <Filter>资源文件</Filter>
    </Image>
    <Image Include="res\ToolBox\date.ico">
      <Filter>资源文件</Filter>
    </Image>
    <Image Include="res\ToolBox\ChildLayout.ico">
      <Filter>资源文件</Filter>
    </Image>
  </ItemGroup>
  <ItemGroup>
    <ResourceCompile Include="DuiDesigner.rc">
      <Filter>资源文件</Filter>
    </ResourceCompile>
  </ItemGroup>
  <ItemGroup>
    <None Include="res\DuiDesigner.rc2">
      <Filter>资源文件</Filter>
    </None>
    <None Include="DuiDesigner.reg" />
  </ItemGroup>
  <ItemGroup>
    <Text Include="ReadMe.txt" />
  </ItemGroup>
</Project>