<?xml version="1.0" encoding="utf-8"?>
<Project ToolsVersion="4.0" xmlns="http://schemas.microsoft.com/developer/msbuild/2003">
  <ItemGroup>
    <Filter Include="源文件">
      <UniqueIdentifier>{4FC737F1-C7A5-4376-A066-2A32D752A2FF}</UniqueIdentifier>
      <Extensions>cpp;c;cc;cxx;def;odl;idl;hpj;bat;asm;asmx</Extensions>
    </Filter>
    <Filter Include="头文件">
      <UniqueIdentifier>{93995380-89BD-4b04-88EB-625FBE52EBFB}</UniqueIdentifier>
      <Extensions>h;hpp;hxx;hm;inl;inc;xsd</Extensions>
    </Filter>
    <Filter Include="资源文件">
      <UniqueIdentifier>{67DA6AB6-F800-4c08-8B7A-83BB121AAD01}</UniqueIdentifier>
      <Extensions>rc;ico;cur;bmp;dlg;rc2;rct;bin;rgs;gif;jpg;jpeg;jpe;resx;tiff;tif;png;wav;mfcribbon-ms</Extensions>
    </Filter>
  </ItemGroup>
  <ItemGroup>
    <Text Include="ReadMe.txt" />
  </ItemGroup>
  <ItemGroup>
    <ClInclude Include="stdafx.h">
      <Filter>头文件</Filter>
    </ClInclude>
    <ClInclude Include="targetver.h">
      <Filter>头文件</Filter>
    </ClInclude>
    <ClInclude Include="Resource.h">
      <Filter>头文件</Filter>
    </ClInclude>
    <ClInclude Include="QQDemo.h">
      <Filter>头文件</Filter>
    </ClInclude>
    <ClInclude Include="chat_dialog.h">
      <Filter>头文件</Filter>
    </ClInclude>
    <ClInclude Include="color_skin.h">
      <Filter>头文件</Filter>
    </ClInclude>
    <ClInclude Include="ColorPicker.h">
      <Filter>头文件</Filter>
    </ClInclude>
    <ClInclude Include="debug.h">
      <Filter>头文件</Filter>
    </ClInclude>
    <ClInclude Include="main_frame.h">
      <Filter>头文件</Filter>
    </ClInclude>
    <ClInclude Include="observer_impl_base.h">
      <Filter>头文件</Filter>
    </ClInclude>
    <ClInclude Include="skin_change_event.h">
      <Filter>头文件</Filter>
    </ClInclude>
    <ClInclude Include="UIFriends.h">
      <Filter>头文件</Filter>
    </ClInclude>
    <ClInclude Include="UIGroups.h">
      <Filter>头文件</Filter>
    </ClInclude>
    <ClInclude Include="UIListCommonDefine.h">
      <Filter>头文件</Filter>
    </ClInclude>
    <ClInclude Include="UIMicroBlog.h">
      <Filter>头文件</Filter>
    </ClInclude>
  </ItemGroup>
  <ItemGroup>
    <ClCompile Include="QQDemo.cpp">
      <Filter>源文件</Filter>
    </ClCompile>
    <ClCompile Include="chat_dialog.cpp">
      <Filter>源文件</Filter>
    </ClCompile>
    <ClCompile Include="color_skin.cpp">
      <Filter>源文件</Filter>
    </ClCompile>
    <ClCompile Include="ColorPicker.cpp">
      <Filter>源文件</Filter>
    </ClCompile>
    <ClCompile Include="debug.cpp">
      <Filter>源文件</Filter>
    </ClCompile>
    <ClCompile Include="main_frame.cpp">
      <Filter>源文件</Filter>
    </ClCompile>
    <ClCompile Include="UIFriends.cpp">
      <Filter>源文件</Filter>
    </ClCompile>
    <ClCompile Include="UIGroups.cpp">
      <Filter>源文件</Filter>
    </ClCompile>
    <ClCompile Include="UIListCommonDefine.cpp">
      <Filter>源文件</Filter>
    </ClCompile>
    <ClCompile Include="UIMicroBlog.cpp">
      <Filter>源文件</Filter>
    </ClCompile>
  </ItemGroup>
  <ItemGroup>
    <ResourceCompile Include="QQDemo.rc">
      <Filter>资源文件</Filter>
    </ResourceCompile>
  </ItemGroup>
  <ItemGroup>
    <Image Include="small.ico">
      <Filter>资源文件</Filter>
    </Image>
    <Image Include="QQDemo.ico">
      <Filter>资源文件</Filter>
    </Image>
  </ItemGroup>
  <ItemGroup>
    <None Include="res\QQRes.zip" />
  </ItemGroup>
</Project>